
Microsoft Visual Studio Solution File, Format Version 12.00
# Visual Studio 15
VisualStudioVersion = 15.0.28010.2019
MinimumVisualStudioVersion = 10.0.40219.1
Project("{FAE04EC0-301F-11D3-BF4B-00C04F79EFBC}") = "Graphicity", "Graphicity\Graphicity.csproj", "{A9F47732-991F-48D9-B421-314EFB0FA382}"
EndProject
Global
	GlobalSection(SolutionConfigurationPlatforms) = preSolution
		Debug|Any CPU = Debug|Any CPU
		Release|Any CPU = Release|Any CPU
	EndGlobalSection
	GlobalSection(ProjectConfigurationPlatforms) = postSolution
		{A9F47732-991F-48D9-B421-314EFB0FA382}.Debug|Any CPU.ActiveCfg = Debug|Any CPU
		{A9F47732-991F-48D9-B421-314EFB0FA382}.Debug|Any CPU.Build.0 = Debug|Any CPU
		{A9F47732-991F-48D9-B421-314EFB0FA382}.Release|Any CPU.ActiveCfg = Release|Any CPU
		{A9F47732-991F-48D9-B421-314EFB0FA382}.Release|Any CPU.Build.0 = Release|Any CPU
	EndGlobalSection
	GlobalSection(SolutionProperties) = preSolution
		HideSolutionNode = FALSE
	EndGlobalSection
	GlobalSection(ExtensibilityGlobals) = postSolution
		SolutionGuid = {E6F61745-A296-4E59-BDD8-70D866855124}
	EndGlobalSection
EndGlobal
